
Microsoft Visual Studio Solution File, Format Version 12.00
# Visual Studio Version 16
VisualStudioVersion = 16.0.32602.291
MinimumVisualStudioVersion = 10.0.40219.1
Project("{FAE04EC0-301F-11D3-BF4B-00C04F79EFBC}") = "WebMonitry", "WebMonitry\WebMonitry.csproj", "{DF4E193E-E1DC-4D93-BD79-63B7AB30C22B}"
EndProject
Global
	GlobalSection(SolutionConfigurationPlatforms) = preSolution
		Debug|Any CPU = Debug|Any CPU
		Release|Any CPU = Release|Any CPU
	EndGlobalSection
	GlobalSection(ProjectConfigurationPlatforms) = postSolution
		{DF4E193E-E1DC-4D93-BD79-63B7AB30C22B}.Debug|Any CPU.ActiveCfg = Debug|Any CPU
		{DF4E193E-E1DC-4D93-BD79-63B7AB30C22B}.Debug|Any CPU.Build.0 = Debug|Any CPU
		{DF4E193E-E1DC-4D93-BD79-63B7AB30C22B}.Release|Any CPU.ActiveCfg = Release|Any CPU
		{DF4E193E-E1DC-4D93-BD79-63B7AB30C22B}.Release|Any CPU.Build.0 = Release|Any CPU
	EndGlobalSection
	GlobalSection(SolutionProperties) = preSolution
		HideSolutionNode = FALSE
	EndGlobalSection
	GlobalSection(ExtensibilityGlobals) = postSolution
		SolutionGuid = {17ACD45A-B70A-416C-AE59-AFB339030B36}
	EndGlobalSection
EndGlobal
